
Microsoft Visual Studio Solution File, Format Version 12.00
# Visual Studio Version 17
VisualStudioVersion = 17.4.33213.308
MinimumVisualStudioVersion = 10.0.40219.1
Project("{FAE04EC0-301F-11D3-BF4B-00C04F79EFBC}") = "DatabaseOdevi3", "DatabaseOdevi3.csproj", "{27076895-5BFD-4111-892C-CAE2F4C78F0F}"
EndProject
Global
	GlobalSection(SolutionConfigurationPlatforms) = preSolution
		Debug|Any CPU = Debug|Any CPU
		Release|Any CPU = Release|Any CPU
	EndGlobalSection
	GlobalSection(ProjectConfigurationPlatforms) = postSolution
		{27076895-5BFD-4111-892C-CAE2F4C78F0F}.Debug|Any CPU.ActiveCfg = Debug|Any CPU
		{27076895-5BFD-4111-892C-CAE2F4C78F0F}.Debug|Any CPU.Build.0 = Debug|Any CPU
		{27076895-5BFD-4111-892C-CAE2F4C78F0F}.Release|Any CPU.ActiveCfg = Release|Any CPU
		{27076895-5BFD-4111-892C-CAE2F4C78F0F}.Release|Any CPU.Build.0 = Release|Any CPU
	EndGlobalSection
	GlobalSection(SolutionProperties) = preSolution
		HideSolutionNode = FALSE
	EndGlobalSection
	GlobalSection(ExtensibilityGlobals) = postSolution
		SolutionGuid = {EB8BB1B8-64DE-40CD-A113-AE8B9B937CB4}
	EndGlobalSection
EndGlobal
